
Microsoft Visual Studio Solution File, Format Version 12.00
# Visual Studio 14
VisualStudioVersion = 14.0.23107.0
MinimumVisualStudioVersion = 10.0.40219.1
Project("{2150E333-8FDC-42A3-9474-1A3956D46DE8}") = "src", "src", "{83FB6A19-D02A-4E10-B261-A90A2BA7F9C2}"
EndProject
Project("{2150E333-8FDC-42A3-9474-1A3956D46DE8}") = "Solution Items", "Solution Items", "{3EAE14A9-D1D8-45DE-8618-C0D4604EE001}"
	ProjectSection(SolutionItems) = preProject
		global.json = global.json
	EndProjectSection
EndProject
Project("{8BB2217D-0F2D-49D1-97BC-3654ED321F3B}") = "ResourceServer", "src\ResourceServer\ResourceServer.xproj", "{D35E5400-E865-4579-A6C2-2ED354773ABB}"
EndProject
Global
	GlobalSection(SolutionConfigurationPlatforms) = preSolution
		Debug|Any CPU = Debug|Any CPU
		Release|Any CPU = Release|Any CPU
	EndGlobalSection
	GlobalSection(ProjectConfigurationPlatforms) = postSolution
		{D35E5400-E865-4579-A6C2-2ED354773ABB}.Debug|Any CPU.ActiveCfg = Debug|Any CPU
		{D35E5400-E865-4579-A6C2-2ED354773ABB}.Debug|Any CPU.Build.0 = Debug|Any CPU
		{D35E5400-E865-4579-A6C2-2ED354773ABB}.Release|Any CPU.ActiveCfg = Release|Any CPU
		{D35E5400-E865-4579-A6C2-2ED354773ABB}.Release|Any CPU.Build.0 = Release|Any CPU
	EndGlobalSection
	GlobalSection(SolutionProperties) = preSolution
		HideSolutionNode = FALSE
	EndGlobalSection
	GlobalSection(NestedProjects) = preSolution
		{D35E5400-E865-4579-A6C2-2ED354773ABB} = {83FB6A19-D02A-4E10-B261-A90A2BA7F9C2}
	EndGlobalSection
EndGlobal
